
Microsoft Visual Studio Solution File, Format Version 12.00
# Visual Studio Version 16
VisualStudioVersion = 16.0.31624.102
MinimumVisualStudioVersion = 10.0.40219.1
Project("{FAE04EC0-301F-11D3-BF4B-00C04F79EFBC}") = "YZ.Infra.Core", "YZ.Infra.Core\YZ.Infra.Core.csproj", "{1AA6AB6B-C81A-4E5F-8899-5435038E5685}"
EndProject
Project("{FAE04EC0-301F-11D3-BF4B-00C04F79EFBC}") = "YZ.Infra.Test", "YZ.Infra.Test\YZ.Infra.Test.csproj", "{541982D9-9A79-45DE-82C7-D52264501047}"
EndProject
Global
	GlobalSection(SolutionConfigurationPlatforms) = preSolution
		Debug|Any CPU = Debug|Any CPU
		Release|Any CPU = Release|Any CPU
	EndGlobalSection
	GlobalSection(ProjectConfigurationPlatforms) = postSolution
		{1AA6AB6B-C81A-4E5F-8899-5435038E5685}.Debug|Any CPU.ActiveCfg = Debug|Any CPU
		{1AA6AB6B-C81A-4E5F-8899-5435038E5685}.Debug|Any CPU.Build.0 = Debug|Any CPU
		{1AA6AB6B-C81A-4E5F-8899-5435038E5685}.Release|Any CPU.ActiveCfg = Release|Any CPU
		{1AA6AB6B-C81A-4E5F-8899-5435038E5685}.Release|Any CPU.Build.0 = Release|Any CPU
		{541982D9-9A79-45DE-82C7-D52264501047}.Debug|Any CPU.ActiveCfg = Debug|Any CPU
		{541982D9-9A79-45DE-82C7-D52264501047}.Debug|Any CPU.Build.0 = Debug|Any CPU
		{541982D9-9A79-45DE-82C7-D52264501047}.Release|Any CPU.ActiveCfg = Release|Any CPU
		{541982D9-9A79-45DE-82C7-D52264501047}.Release|Any CPU.Build.0 = Release|Any CPU
	EndGlobalSection
	GlobalSection(SolutionProperties) = preSolution
		HideSolutionNode = FALSE
	EndGlobalSection
	GlobalSection(ExtensibilityGlobals) = postSolution
		SolutionGuid = {5DDB621A-D14B-429B-99A1-98EF8F396980}
	EndGlobalSection
EndGlobal
